
Microsoft Visual Studio Solution File, Format Version 12.00
# Visual Studio Version 16
VisualStudioVersion = 16.0.30709.132
MinimumVisualStudioVersion = 10.0.40219.1
Project("{D954291E-2A0B-460D-934E-DC6B0785DB48}") = "DFNGenerator_SharedCode", "DFNGenerator_SharedCode\DFNGenerator_SharedCode.shproj", "{3763FA9F-9862-4BF7-B072-7E8662D5498C}"
EndProject
Project("{FAE04EC0-301F-11D3-BF4B-00C04F79EFBC}") = "DFNGenerator_Ocean", "DFNGenerator_Ocean\DFNGenerator_Ocean.csproj", "{F339DBA5-EDC9-4602-859B-5BE45BAA50D2}"
EndProject
Project("{FAE04EC0-301F-11D3-BF4B-00C04F79EFBC}") = "DFNGenerator_Standalone", "DFNGenerator_Standalone\DFNGenerator_Standalone.csproj", "{C7744768-FED9-48D0-8549-7491D6D66C54}"
EndProject
Project("{FAE04EC0-301F-11D3-BF4B-00C04F79EFBC}") = "DFN_install", "Pip_builder\DFN_install.csproj", "{D28975C9-7CDA-48B0-86AC-0B69055FD7AC}"
	ProjectSection(ProjectDependencies) = postProject
		{F339DBA5-EDC9-4602-859B-5BE45BAA50D2} = {F339DBA5-EDC9-4602-859B-5BE45BAA50D2}
	EndProjectSection
EndProject
Global
	GlobalSection(SharedMSBuildProjectFiles) = preSolution
		DFNGenerator_SharedCode\DFNGenerator_SharedCode.projitems*{3763fa9f-9862-4bf7-b072-7e8662d5498c}*SharedItemsImports = 13
		DFNGenerator_SharedCode\DFNGenerator_SharedCode.projitems*{c7744768-fed9-48d0-8549-7491d6d66c54}*SharedItemsImports = 4
		DFNGenerator_SharedCode\DFNGenerator_SharedCode.projitems*{f339dba5-edc9-4602-859b-5be45baa50d2}*SharedItemsImports = 4
	EndGlobalSection
	GlobalSection(SolutionConfigurationPlatforms) = preSolution
		Debug|Any CPU = Debug|Any CPU
		Release|Any CPU = Release|Any CPU
	EndGlobalSection
	GlobalSection(ProjectConfigurationPlatforms) = postSolution
		{F339DBA5-EDC9-4602-859B-5BE45BAA50D2}.Debug|Any CPU.ActiveCfg = Debug|Any CPU
		{F339DBA5-EDC9-4602-859B-5BE45BAA50D2}.Debug|Any CPU.Build.0 = Debug|Any CPU
		{F339DBA5-EDC9-4602-859B-5BE45BAA50D2}.Release|Any CPU.ActiveCfg = Release|Any CPU
		{F339DBA5-EDC9-4602-859B-5BE45BAA50D2}.Release|Any CPU.Build.0 = Release|Any CPU
		{C7744768-FED9-48D0-8549-7491D6D66C54}.Debug|Any CPU.ActiveCfg = Debug|Any CPU
		{C7744768-FED9-48D0-8549-7491D6D66C54}.Debug|Any CPU.Build.0 = Debug|Any CPU
		{C7744768-FED9-48D0-8549-7491D6D66C54}.Release|Any CPU.ActiveCfg = Release|Any CPU
		{C7744768-FED9-48D0-8549-7491D6D66C54}.Release|Any CPU.Build.0 = Release|Any CPU
		{D28975C9-7CDA-48B0-86AC-0B69055FD7AC}.Debug|Any CPU.ActiveCfg = Debug|Any CPU
		{D28975C9-7CDA-48B0-86AC-0B69055FD7AC}.Debug|Any CPU.Build.0 = Debug|Any CPU
		{D28975C9-7CDA-48B0-86AC-0B69055FD7AC}.Release|Any CPU.ActiveCfg = Release|Any CPU
		{D28975C9-7CDA-48B0-86AC-0B69055FD7AC}.Release|Any CPU.Build.0 = Release|Any CPU
	EndGlobalSection
	GlobalSection(SolutionProperties) = preSolution
		HideSolutionNode = FALSE
	EndGlobalSection
	GlobalSection(ExtensibilityGlobals) = postSolution
		SolutionGuid = {BC62AA0A-1F0C-4718-9CFD-C426600A7DFA}
	EndGlobalSection
EndGlobal
